
Microsoft Visual Studio Solution File, Format Version 12.00
# Visual Studio Version 17
VisualStudioVersion = 17.3.32922.545
MinimumVisualStudioVersion = 10.0.40219.1
Project("{9A19103F-16F7-4668-BE54-9A1E7A4F7556}") = "Progame.Domain", "Progame.Domain\Progame.Domain.csproj", "{FCF0A1D1-C6DA-467D-9010-6BF0BDB36A47}"
EndProject
Project("{9A19103F-16F7-4668-BE54-9A1E7A4F7556}") = "Progame.Infrastructure", "Progame.Infrastructure\Progame.Infrastructure.csproj", "{A0B9AC7E-32A2-41ED-A1E6-D86B8309723E}"
EndProject
Project("{9A19103F-16F7-4668-BE54-9A1E7A4F7556}") = "Progame.Application", "Progame.Application\Progame.Application.csproj", "{2E985826-EC86-440F-A387-BCE82299C785}"
EndProject
Project("{9A19103F-16F7-4668-BE54-9A1E7A4F7556}") = "SwaggerConfig", "SwaggerConfig\SwaggerConfig.csproj", "{C64E1B31-0A89-43F8-906C-495391E69886}"
EndProject
Project("{9A19103F-16F7-4668-BE54-9A1E7A4F7556}") = "Progame.Infrastructure.Data", "Progame.Infrastructure.Data\Progame.Infrastructure.Data.csproj", "{0D148EB1-5F8D-453E-9BA2-8EAF3B558E08}"
EndProject
Project("{9A19103F-16F7-4668-BE54-9A1E7A4F7556}") = "Progame.WebApi", "Progame.WebApi\Progame.WebApi.csproj", "{84B502B4-010F-427B-8A3C-0C9DEA230174}"
EndProject
Project("{2150E333-8FDC-42A3-9474-1A3956D46DE8}") = "Tests", "Tests", "{01788C93-5409-48B7-A0F4-49D53DD0BDBE}"
EndProject
Project("{FAE04EC0-301F-11D3-BF4B-00C04F79EFBC}") = "Progame.Application.Tests", "Progame.Application.Tests\Progame.Application.Tests.csproj", "{085B9646-6DE2-4AD7-B926-B28112EC9FB7}"
EndProject
Global
	GlobalSection(SolutionConfigurationPlatforms) = preSolution
		Debug|Any CPU = Debug|Any CPU
		Release|Any CPU = Release|Any CPU
	EndGlobalSection
	GlobalSection(ProjectConfigurationPlatforms) = postSolution
		{FCF0A1D1-C6DA-467D-9010-6BF0BDB36A47}.Debug|Any CPU.ActiveCfg = Debug|Any CPU
		{FCF0A1D1-C6DA-467D-9010-6BF0BDB36A47}.Debug|Any CPU.Build.0 = Debug|Any CPU
		{FCF0A1D1-C6DA-467D-9010-6BF0BDB36A47}.Release|Any CPU.ActiveCfg = Release|Any CPU
		{FCF0A1D1-C6DA-467D-9010-6BF0BDB36A47}.Release|Any CPU.Build.0 = Release|Any CPU
		{A0B9AC7E-32A2-41ED-A1E6-D86B8309723E}.Debug|Any CPU.ActiveCfg = Debug|Any CPU
		{A0B9AC7E-32A2-41ED-A1E6-D86B8309723E}.Debug|Any CPU.Build.0 = Debug|Any CPU
		{A0B9AC7E-32A2-41ED-A1E6-D86B8309723E}.Release|Any CPU.ActiveCfg = Release|Any CPU
		{A0B9AC7E-32A2-41ED-A1E6-D86B8309723E}.Release|Any CPU.Build.0 = Release|Any CPU
		{2E985826-EC86-440F-A387-BCE82299C785}.Debug|Any CPU.ActiveCfg = Debug|Any CPU
		{2E985826-EC86-440F-A387-BCE82299C785}.Debug|Any CPU.Build.0 = Debug|Any CPU
		{2E985826-EC86-440F-A387-BCE82299C785}.Release|Any CPU.ActiveCfg = Release|Any CPU
		{2E985826-EC86-440F-A387-BCE82299C785}.Release|Any CPU.Build.0 = Release|Any CPU
		{C64E1B31-0A89-43F8-906C-495391E69886}.Debug|Any CPU.ActiveCfg = Debug|Any CPU
		{C64E1B31-0A89-43F8-906C-495391E69886}.Debug|Any CPU.Build.0 = Debug|Any CPU
		{C64E1B31-0A89-43F8-906C-495391E69886}.Release|Any CPU.ActiveCfg = Release|Any CPU
		{C64E1B31-0A89-43F8-906C-495391E69886}.Release|Any CPU.Build.0 = Release|Any CPU
		{0D148EB1-5F8D-453E-9BA2-8EAF3B558E08}.Debug|Any CPU.ActiveCfg = Debug|Any CPU
		{0D148EB1-5F8D-453E-9BA2-8EAF3B558E08}.Debug|Any CPU.Build.0 = Debug|Any CPU
		{0D148EB1-5F8D-453E-9BA2-8EAF3B558E08}.Release|Any CPU.ActiveCfg = Release|Any CPU
		{0D148EB1-5F8D-453E-9BA2-8EAF3B558E08}.Release|Any CPU.Build.0 = Release|Any CPU
		{84B502B4-010F-427B-8A3C-0C9DEA230174}.Debug|Any CPU.ActiveCfg = Debug|Any CPU
		{84B502B4-010F-427B-8A3C-0C9DEA230174}.Debug|Any CPU.Build.0 = Debug|Any CPU
		{84B502B4-010F-427B-8A3C-0C9DEA230174}.Release|Any CPU.ActiveCfg = Release|Any CPU
		{84B502B4-010F-427B-8A3C-0C9DEA230174}.Release|Any CPU.Build.0 = Release|Any CPU
		{085B9646-6DE2-4AD7-B926-B28112EC9FB7}.Debug|Any CPU.ActiveCfg = Debug|Any CPU
		{085B9646-6DE2-4AD7-B926-B28112EC9FB7}.Debug|Any CPU.Build.0 = Debug|Any CPU
		{085B9646-6DE2-4AD7-B926-B28112EC9FB7}.Release|Any CPU.ActiveCfg = Release|Any CPU
		{085B9646-6DE2-4AD7-B926-B28112EC9FB7}.Release|Any CPU.Build.0 = Release|Any CPU
	EndGlobalSection
	GlobalSection(SolutionProperties) = preSolution
		HideSolutionNode = FALSE
	EndGlobalSection
	GlobalSection(NestedProjects) = preSolution
		{085B9646-6DE2-4AD7-B926-B28112EC9FB7} = {01788C93-5409-48B7-A0F4-49D53DD0BDBE}
	EndGlobalSection
	GlobalSection(ExtensibilityGlobals) = postSolution
		SolutionGuid = {CF45A8B7-5A38-42ED-862C-82A455D7BFD3}
	EndGlobalSection
EndGlobal
